// !$*UTF8*$!
{
	archiveVersion = 1;
	classes = {
	};
	objectVersion = 56;
	objects = {

/* Begin PBXBuildFile section */
		F2D24B472ADB217100F5CF55 /* AppDelegate.swift in Sources */ = {isa = PBXBuildFile; fileRef = F2D24B462ADB217100F5CF55 /* AppDelegate.swift */; };
		F2D24B492ADB217100F5CF55 /* SceneDelegate.swift in Sources */ = {isa = PBXBuildFile; fileRef = F2D24B482ADB217100F5CF55 /* SceneDelegate.swift */; };
		F2D24B4B2ADB217100F5CF55 /* QuoteViewController.swift in Sources */ = {isa = PBXBuildFile; fileRef = F2D24B4A2ADB217100F5CF55 /* QuoteViewController.swift */; };
		F2D24B4E2ADB217100F5CF55 /* Main.storyboard in Resources */ = {isa = PBXBuildFile; fileRef = F2D24B4C2ADB217100F5CF55 /* Main.storyboard */; };
		F2D24B502ADB217200F5CF55 /* Assets.xcassets in Resources */ = {isa = PBXBuildFile; fileRef = F2D24B4F2ADB217200F5CF55 /* Assets.xcassets */; };
		F2D24B532ADB217200F5CF55 /* LaunchScreen.storyboard in Resources */ = {isa = PBXBuildFile; fileRef = F2D24B512ADB217200F5CF55 /* LaunchScreen.storyboard */; };
		F2D24B5B2ADB237D00F5CF55 /* QuoteService.swift in Sources */ = {isa = PBXBuildFile; fileRef = F2D24B5A2ADB237D00F5CF55 /* QuoteService.swift */; };
		F2D24B5D2ADB23DA00F5CF55 /* QuoteModel.swift in Sources */ = {isa = PBXBuildFile; fileRef = F2D24B5C2ADB23DA00F5CF55 /* QuoteModel.swift */; };
		F2D24B5F2ADB25D000F5CF55 /* QuoteViewModel.swift in Sources */ = {isa = PBXBuildFile; fileRef = F2D24B5E2ADB25D000F5CF55 /* QuoteViewModel.swift */; };
/* End PBXBuildFile section */

/* Begin PBXFileReference section */
		F2D24B432ADB217100F5CF55 /* QuotesMVVM-IO.app */ = {isa = PBXFileReference; explicitFileType = wrapper.application; includeInIndex = 0; path = "QuotesMVVM-IO.app"; sourceTree = BUILT_PRODUCTS_DIR; };
		F2D24B462ADB217100F5CF55 /* AppDelegate.swift */ = {isa = PBXFileReference; lastKnownFileType = sourcecode.swift; path = AppDelegate.swift; sourceTree = "<group>"; };
		F2D24B482ADB217100F5CF55 /* SceneDelegate.swift */ = {isa = PBXFileReference; lastKnownFileType = sourcecode.swift; path = SceneDelegate.swift; sourceTree = "<group>"; };
		F2D24B4A2ADB217100F5CF55 /* QuoteViewController.swift */ = {isa = PBXFileReference; lastKnownFileType = sourcecode.swift; path = QuoteViewController.swift; sourceTree = "<group>"; };
		F2D24B4D2ADB217100F5CF55 /* Base */ = {isa = PBXFileReference; lastKnownFileType = file.storyboard; name = Base; path = Base.lproj/Main.storyboard; sourceTree = "<group>"; };
		F2D24B4F2ADB217200F5CF55 /* Assets.xcassets */ = {isa = PBXFileReference; lastKnownFileType = folder.assetcatalog; path = Assets.xcassets; sourceTree = "<group>"; };
		F2D24B522ADB217200F5CF55 /* Base */ = {isa = PBXFileReference; lastKnownFileType = file.storyboard; name = Base; path = Base.lproj/LaunchScreen.storyboard; sourceTree = "<group>"; };
		F2D24B542ADB217200F5CF55 /* Info.plist */ = {isa = PBXFileReference; lastKnownFileType = text.plist.xml; path = Info.plist; sourceTree = "<group>"; };
		F2D24B5A2ADB237D00F5CF55 /* QuoteService.swift */ = {isa = PBXFileReference; lastKnownFileType = sourcecode.swift; path = QuoteService.swift; sourceTree = "<group>"; };
		F2D24B5C2ADB23DA00F5CF55 /* QuoteModel.swift */ = {isa = PBXFileReference; lastKnownFileType = sourcecode.swift; path = QuoteModel.swift; sourceTree = "<group>"; };
		F2D24B5E2ADB25D000F5CF55 /* QuoteViewModel.swift */ = {isa = PBXFileReference; lastKnownFileType = sourcecode.swift; path = QuoteViewModel.swift; sourceTree = "<group>"; };
/* End PBXFileReference section */

/* Begin PBXFrameworksBuildPhase section */
		F2D24B402ADB217100F5CF55 /* Frameworks */ = {
			isa = PBXFrameworksBuildPhase;
			buildActionMask = 2147483647;
			files = (
			);
			runOnlyForDeploymentPostprocessing = 0;
		};
/* End PBXFrameworksBuildPhase section */

/* Begin PBXGroup section */
		F2D24B3A2ADB217000F5CF55 = {
			isa = PBXGroup;
			children = (
				F2D24B452ADB217100F5CF55 /* QuotesMVVM-IO */,
				F2D24B442ADB217100F5CF55 /* Products */,
			);
			sourceTree = "<group>";
		};
		F2D24B442ADB217100F5CF55 /* Products */ = {
			isa = PBXGroup;
			children = (
				F2D24B432ADB217100F5CF55 /* QuotesMVVM-IO.app */,
			);
			name = Products;
			sourceTree = "<group>";
		};
		F2D24B452ADB217100F5CF55 /* QuotesMVVM-IO */ = {
			isa = PBXGroup;
			children = (
				F2D24B462ADB217100F5CF55 /* AppDelegate.swift */,
				F2D24B482ADB217100F5CF55 /* SceneDelegate.swift */,
				F2D24B4A2ADB217100F5CF55 /* QuoteViewController.swift */,
				F2D24B4C2ADB217100F5CF55 /* Main.storyboard */,
				F2D24B4F2ADB217200F5CF55 /* Assets.xcassets */,
				F2D24B512ADB217200F5CF55 /* LaunchScreen.storyboard */,
				F2D24B542ADB217200F5CF55 /* Info.plist */,
				F2D24B5A2ADB237D00F5CF55 /* QuoteService.swift */,
				F2D24B5C2ADB23DA00F5CF55 /* QuoteModel.swift */,
				F2D24B5E2ADB25D000F5CF55 /* QuoteViewModel.swift */,
			);
			path = "QuotesMVVM-IO";
			sourceTree = "<group>";
		};
/* End PBXGroup section */

/* Begin PBXNativeTarget section */
		F2D24B422ADB217100F5CF55 /* QuotesMVVM-IO */ = {
			isa = PBXNativeTarget;
			buildConfigurationList = F2D24B572ADB217200F5CF55 /* Build configuration list for PBXNativeTarget "QuotesMVVM-IO" */;
			buildPhases = (
				F2D24B3F2ADB217100F5CF55 /* Sources */,
				F2D24B402ADB217100F5CF55 /* Frameworks */,
				F2D24B412ADB217100F5CF55 /* Resources */,
			);
			buildRules = (
			);
			dependencies = (
			);
			name = "QuotesMVVM-IO";
			productName = "QuotesMVVM-IO";
			productReference = F2D24B432ADB217100F5CF55 /* QuotesMVVM-IO.app */;
			productType = "com.apple.product-type.application";
		};
/* End PBXNativeTarget section */

/* Begin PBXProject section */
		F2D24B3B2ADB217100F5CF55 /* Project object */ = {
			isa = PBXProject;
			attributes = {
				BuildIndependentTargetsInParallel = 1;
				LastSwiftUpdateCheck = 1500;
				LastUpgradeCheck = 1500;
				TargetAttributes = {
					F2D24B422ADB217100F5CF55 = {
						CreatedOnToolsVersion = 15.0;
					};
				};
			};
			buildConfigurationList = F2D24B3E2ADB217100F5CF55 /* Build configuration list for PBXProject "QuotesMVVM-IO" */;
			compatibilityVersion = "Xcode 14.0";
			developmentRegion = en;
			hasScannedForEncodings = 0;
			knownRegions = (
				en,
				Base,
			);
			mainGroup = F2D24B3A2ADB217000F5CF55;
			productRefGroup = F2D24B442ADB217100F5CF55 /* Products */;
			projectDirPath = "";
			projectRoot = "";
			targets = (
				F2D24B422ADB217100F5CF55 /* QuotesMVVM-IO */,
			);
		};
/* End PBXProject section */

/* Begin PBXResourcesBuildPhase section */
		F2D24B412ADB217100F5CF55 /* Resources */ = {
			isa = PBXResourcesBuildPhase;
			buildActionMask = 2147483647;
			files = (
				F2D24B532ADB217200F5CF55 /* LaunchScreen.storyboard in Resources */,
				F2D24B502ADB217200F5CF55 /* Assets.xcassets in Resources */,
				F2D24B4E2ADB217100F5CF55 /* Main.storyboard in Resources */,
			);
			runOnlyForDeploymentPostprocessing = 0;
		};
/* End PBXResourcesBuildPhase section */

/* Begin PBXSourcesBuildPhase section */
		F2D24B3F2ADB217100F5CF55 /* Sources */ = {
			isa = PBXSourcesBuildPhase;
			buildActionMask = 2147483647;
			files = (
				F2D24B5D2ADB23DA00F5CF55 /* QuoteModel.swift in Sources */,
				F2D24B5B2ADB237D00F5CF55 /* QuoteService.swift in Sources */,
				F2D24B4B2ADB217100F5CF55 /* QuoteViewController.swift in Sources */,
				F2D24B5F2ADB25D000F5CF55 /* QuoteViewModel.swift in Sources */,
				F2D24B472ADB217100F5CF55 /* AppDelegate.swift in Sources */,
				F2D24B492ADB217100F5CF55 /* SceneDelegate.swift in Sources */,
			);
			runOnlyForDeploymentPostprocessing = 0;
		};
/* End PBXSourcesBuildPhase section */

/* Begin PBXVariantGroup section */
		F2D24B4C2ADB217100F5CF55 /* Main.storyboard */ = {
			isa = PBXVariantGroup;
			children = (
				F2D24B4D2ADB217100F5CF55 /* Base */,
			);
			name = Main.storyboard;
			sourceTree = "<group>";
		};
		F2D24B512ADB217200F5CF55 /* LaunchScreen.storyboard */ = {
			isa = PBXVariantGroup;
			children = (
				F2D24B522ADB217200F5CF55 /* Base */,
			);
			name = LaunchScreen.storyboard;
			sourceTree = "<group>";
		};
/* End PBXVariantGroup section */

/* Begin XCBuildConfiguration section */
		F2D24B552ADB217200F5CF55 /* Debug */ = {
			isa = XCBuildConfiguration;
			buildSettings = {
				ALWAYS_SEARCH_USER_PATHS = NO;
				ASSETCATALOG_COMPILER_GENERATE_SWIFT_ASSET_SYMBOL_EXTENSIONS = YES;
				CLANG_ANALYZER_NONNULL = YES;
				CLANG_ANALYZER_NUMBER_OBJECT_CONVERSION = YES_AGGRESSIVE;
				CLANG_CXX_LANGUAGE_STANDARD = "gnu++20";
				CLANG_ENABLE_MODULES = YES;
				CLANG_ENABLE_OBJC_ARC = YES;
				CLANG_ENABLE_OBJC_WEAK = YES;
				CLANG_WARN_BLOCK_CAPTURE_AUTORELEASING = YES;
				CLANG_WARN_BOOL_CONVERSION = YES;
				CLANG_WARN_COMMA = YES;
				CLANG_WARN_CONSTANT_CONVERSION = YES;
				CLANG_WARN_DEPRECATED_OBJC_IMPLEMENTATIONS = YES;
				CLANG_WARN_DIRECT_OBJC_ISA_USAGE = YES_ERROR;
				CLANG_WARN_DOCUMENTATION_COMMENTS = YES;
				CLANG_WARN_EMPTY_BODY = YES;
				CLANG_WARN_ENUM_CONVERSION = YES;
				CLANG_WARN_INFINITE_RECURSION = YES;
				CLANG_WARN_INT_CONVERSION = YES;
				CLANG_WARN_NON_LITERAL_NULL_CONVERSION = YES;
				CLANG_WARN_OBJC_IMPLICIT_RETAIN_SELF = YES;
				CLANG_WARN_OBJC_LITERAL_CONVERSION = YES;
				CLANG_WARN_OBJC_ROOT_CLASS = YES_ERROR;
				CLANG_WARN_QUOTED_INCLUDE_IN_FRAMEWORK_HEADER = YES;
				CLANG_WARN_RANGE_LOOP_ANALYSIS = YES;
				CLANG_WARN_STRICT_PROTOTYPES = YES;
				CLANG_WARN_SUSPICIOUS_MOVE = YES;
				CLANG_WARN_UNGUARDED_AVAILABILITY = YES_AGGRESSIVE;
				CLANG_WARN_UNREACHABLE_CODE = YES;
				CLANG_WARN__DUPLICATE_METHOD_MATCH = YES;
				COPY_PHASE_STRIP = NO;
				DEBUG_INFORMATION_FORMAT = dwarf;
				ENABLE_STRICT_OBJC_MSGSEND = YES;
				ENABLE_TESTABILITY = YES;
				ENABLE_USER_SCRIPT_SANDBOXING = YES;
				GCC_C_LANGUAGE_STANDARD = gnu17;
				GCC_DYNAMIC_NO_PIC = NO;
				GCC_NO_COMMON_BLOCKS = YES;
				GCC_OPTIMIZATION_LEVEL = 0;
				GCC_PREPROCESSOR_DEFINITIONS = (
					"DEBUG=1",
					"$(inherited)",
				);
				GCC_WARN_64_TO_32_BIT_CONVERSION = YES;
				GCC_WARN_ABOUT_RETURN_TYPE = YES_ERROR;
				GCC_WARN_UNDECLARED_SELECTOR = YES;
				GCC_WARN_UNINITIALIZED_AUTOS = YES_AGGRESSIVE;
				GCC_WARN_UNUSED_FUNCTION = YES;
				GCC_WARN_UNUSED_VARIABLE = YES;
				IPHONEOS_DEPLOYMENT_TARGET = 17.0;
				LOCALIZATION_PREFERS_STRING_CATALOGS = YES;
				MTL_ENABLE_DEBUG_INFO = INCLUDE_SOURCE;
				MTL_FAST_MATH = YES;
				ONLY_ACTIVE_ARCH = YES;
				SDKROOT = iphoneos;
				SWIFT_ACTIVE_COMPILATION_CONDITIONS = "DEBUG $(inherited)";
				SWIFT_OPTIMIZATION_LEVEL = "-Onone";
			};
			name = Debug;
		};
		F2D24B562ADB217200F5CF55 /* Release */ = {
			isa = XCBuildConfiguration;
			buildSettings = {
				ALWAYS_SEARCH_USER_PATHS = NO;
				ASSETCATALOG_COMPILER_GENERATE_SWIFT_ASSET_SYMBOL_EXTENSIONS = YES;
				CLANG_ANALYZER_NONNULL = YES;
				CLANG_ANALYZER_NUMBER_OBJECT_CONVERSION = YES_AGGRESSIVE;
				CLANG_CXX_LANGUAGE_STANDARD = "gnu++20";
				CLANG_ENABLE_MODULES = YES;
				CLANG_ENABLE_OBJC_ARC = YES;
				CLANG_ENABLE_OBJC_WEAK = YES;
				CLANG_WARN_BLOCK_CAPTURE_AUTORELEASING = YES;
				CLANG_WARN_BOOL_CONVERSION = YES;
				CLANG_WARN_COMMA = YES;
				CLANG_WARN_CONSTANT_CONVERSION = YES;
				CLANG_WARN_DEPRECATED_OBJC_IMPLEMENTATIONS = YES;
				CLANG_WARN_DIRECT_OBJC_ISA_USAGE = YES_ERROR;
				CLANG_WARN_DOCUMENTATION_COMMENTS = YES;
				CLANG_WARN_EMPTY_BODY = YES;
				CLANG_WARN_ENUM_CONVERSION = YES;
				CLANG_WARN_INFINITE_RECURSION = YES;
				CLANG_WARN_INT_CONVERSION = YES;
				CLANG_WARN_NON_LITERAL_NULL_CONVERSION = YES;
				CLANG_WARN_OBJC_IMPLICIT_RETAIN_SELF = YES;
				CLANG_WARN_OBJC_LITERAL_CONVERSION = YES;
				CLANG_WARN_OBJC_ROOT_CLASS = YES_ERROR;
				CLANG_WARN_QUOTED_INCLUDE_IN_FRAMEWORK_HEADER = YES;
				CLANG_WARN_RANGE_LOOP_ANALYSIS = YES;
				CLANG_WARN_STRICT_PROTOTYPES = YES;
				CLANG_WARN_SUSPICIOUS_MOVE = YES;
				CLANG_WARN_UNGUARDED_AVAILABILITY = YES_AGGRESSIVE;
				CLANG_WARN_UNREACHABLE_CODE = YES;
				CLANG_WARN__DUPLICATE_METHOD_MATCH = YES;
				COPY_PHASE_STRIP = NO;
				DEBUG_INFORMATION_FORMAT = "dwarf-with-dsym";
				ENABLE_NS_ASSERTIONS = NO;
				ENABLE_STRICT_OBJC_MSGSEND = YES;
				ENABLE_USER_SCRIPT_SANDBOXING = YES;
				GCC_C_LANGUAGE_STANDARD = gnu17;
				GCC_NO_COMMON_BLOCKS = YES;
				GCC_WARN_64_TO_32_BIT_CONVERSION = YES;
				GCC_WARN_ABOUT_RETURN_TYPE = YES_ERROR;
				GCC_WARN_UNDECLARED_SELECTOR = YES;
				GCC_WARN_UNINITIALIZED_AUTOS = YES_AGGRESSIVE;
				GCC_WARN_UNUSED_FUNCTION = YES;
				GCC_WARN_UNUSED_VARIABLE = YES;
				IPHONEOS_DEPLOYMENT_TARGET = 17.0;
				LOCALIZATION_PREFERS_STRING_CATALOGS = YES;
				MTL_ENABLE_DEBUG_INFO = NO;
				MTL_FAST_MATH = YES;
				SDKROOT = iphoneos;
				SWIFT_COMPILATION_MODE = wholemodule;
				VALIDATE_PRODUCT = YES;
			};
			name = Release;
		};
		F2D24B582ADB217200F5CF55 /* Debug */ = {
			isa = XCBuildConfiguration;
			buildSettings = {
				ASSETCATALOG_COMPILER_APPICON_NAME = AppIcon;
				ASSETCATALOG_COMPILER_GLOBAL_ACCENT_COLOR_NAME = AccentColor;
				CODE_SIGN_STYLE = Automatic;
				CURRENT_PROJECT_VERSION = 1;
				DEVELOPMENT_TEAM = PA7L263H2S;
				GENERATE_INFOPLIST_FILE = YES;
				INFOPLIST_FILE = "QuotesMVVM-IO/Info.plist";
				INFOPLIST_KEY_UIApplicationSupportsIndirectInputEvents = YES;
				INFOPLIST_KEY_UILaunchStoryboardName = LaunchScreen;
				INFOPLIST_KEY_UIMainStoryboardFile = Main;
				INFOPLIST_KEY_UISupportedInterfaceOrientations_iPad = "UIInterfaceOrientationPortrait UIInterfaceOrientationPortraitUpsideDown UIInterfaceOrientationLandscapeLeft UIInterfaceOrientationLandscapeRight";
				INFOPLIST_KEY_UISupportedInterfaceOrientations_iPhone = "UIInterfaceOrientationPortrait UIInterfaceOrientationLandscapeLeft UIInterfaceOrientationLandscapeRight";
				LD_RUNPATH_SEARCH_PATHS = (
					"$(inherited)",
					"@executable_path/Frameworks",
				);
				MARKETING_VERSION = 1.0;
				PRODUCT_BUNDLE_IDENTIFIER = "com.galileoguzman.QuotesMVVM-IO";
				PRODUCT_NAME = "$(TARGET_NAME)";
				SWIFT_EMIT_LOC_STRINGS = YES;
				SWIFT_VERSION = 5.0;
				TARGETED_DEVICE_FAMILY = "1,2";
			};
			name = Debug;
		};
		F2D24B592ADB217200F5CF55 /* Release */ = {
			isa = XCBuildConfiguration;
			buildSettings = {
				ASSETCATALOG_COMPILER_APPICON_NAME = AppIcon;
				ASSETCATALOG_COMPILER_GLOBAL_ACCENT_COLOR_NAME = AccentColor;
				CODE_SIGN_STYLE = Automatic;
				CURRENT_PROJECT_VERSION = 1;
				DEVELOPMENT_TEAM = PA7L263H2S;
				GENERATE_INFOPLIST_FILE = YES;
				INFOPLIST_FILE = "QuotesMVVM-IO/Info.plist";
				INFOPLIST_KEY_UIApplicationSupportsIndirectInputEvents = YES;
				INFOPLIST_KEY_UILaunchStoryboardName = LaunchScreen;
				INFOPLIST_KEY_UIMainStoryboardFile = Main;
				INFOPLIST_KEY_UISupportedInterfaceOrientations_iPad = "UIInterfaceOrientationPortrait UIInterfaceOrientationPortraitUpsideDown UIInterfaceOrientationLandscapeLeft UIInterfaceOrientationLandscapeRight";
				INFOPLIST_KEY_UISupportedInterfaceOrientations_iPhone = "UIInterfaceOrientationPortrait UIInterfaceOrientationLandscapeLeft UIInterfaceOrientationLandscapeRight";
				LD_RUNPATH_SEARCH_PATHS = (
					"$(inherited)",
					"@executable_path/Frameworks",
				);
				MARKETING_VERSION = 1.0;
				PRODUCT_BUNDLE_IDENTIFIER = "com.galileoguzman.QuotesMVVM-IO";
				PRODUCT_NAME = "$(TARGET_NAME)";
				SWIFT_EMIT_LOC_STRINGS = YES;
				SWIFT_VERSION = 5.0;
				TARGETED_DEVICE_FAMILY = "1,2";
			};
			name = Release;
		};
/* End XCBuildConfiguration section */

/* Begin XCConfigurationList section */
		F2D24B3E2ADB217100F5CF55 /* Build configuration list for PBXProject "QuotesMVVM-IO" */ = {
			isa = XCConfigurationList;
			buildConfigurations = (
				F2D24B552ADB217200F5CF55 /* Debug */,
				F2D24B562ADB217200F5CF55 /* Release */,
			);
			defaultConfigurationIsVisible = 0;
			defaultConfigurationName = Release;
		};
		F2D24B572ADB217200F5CF55 /* Build configuration list for PBXNativeTarget "QuotesMVVM-IO" */ = {
			isa = XCConfigurationList;
			buildConfigurations = (
				F2D24B582ADB217200F5CF55 /* Debug */,
				F2D24B592ADB217200F5CF55 /* Release */,
			);
			defaultConfigurationIsVisible = 0;
			defaultConfigurationName = Release;
		};
/* End XCConfigurationList section */
	};
	rootObject = F2D24B3B2ADB217100F5CF55 /* Project object */;
}
